
Microsoft Visual Studio Solution File, Format Version 12.00
# Visual Studio Version 17
VisualStudioVersion = 17.5.002.0
MinimumVisualStudioVersion = 10.0.40219.1
Project("{9A19103F-16F7-4668-BE54-9A1E7A4F7556}") = "BirdWatcher", "bird-watcher\BirdWatcher.csproj", "{1A874EEC-148A-4A18-8E2C-CCAED8672F55}"
EndProject
Global
	GlobalSection(SolutionConfigurationPlatforms) = preSolution
		Debug|Any CPU = Debug|Any CPU
		Release|Any CPU = Release|Any CPU
	EndGlobalSection
	GlobalSection(ProjectConfigurationPlatforms) = postSolution
		{1A874EEC-148A-4A18-8E2C-CCAED8672F55}.Debug|Any CPU.ActiveCfg = Debug|Any CPU
		{1A874EEC-148A-4A18-8E2C-CCAED8672F55}.Debug|Any CPU.Build.0 = Debug|Any CPU
		{1A874EEC-148A-4A18-8E2C-CCAED8672F55}.Release|Any CPU.ActiveCfg = Release|Any CPU
		{1A874EEC-148A-4A18-8E2C-CCAED8672F55}.Release|Any CPU.Build.0 = Release|Any CPU
	EndGlobalSection
	GlobalSection(SolutionProperties) = preSolution
		HideSolutionNode = FALSE
	EndGlobalSection
	GlobalSection(ExtensibilityGlobals) = postSolution
		SolutionGuid = {7CEAAEC5-551A-4182-B861-91CD9F0E3C5E}
	EndGlobalSection
EndGlobal
